<?xml version="1.0" encoding="utf-8"?>
<Project ToolsVersion="4.0" xmlns="http://schemas.microsoft.com/developer/msbuild/2003">
  <ItemGroup>
    <FxCompile Include="MiniPhong.fx" />
    <FxCompile Include="MiniPhong.phl" />
    <FxCompile Include="MiniPhong.vhl" />
    <FxCompile Include="Panneau.fx" />
    <FxCompile Include="posteffect.fx" />
    <FxCompile Include="ps1.phl" />
    <FxCompile Include="SimplePhong.fx" />
    <FxCompile Include="vs1.vhl" />
  </ItemGroup>
  <ItemGroup>
    <ClCompile Include="AfficheurPanneau.cpp" />
    <ClCompile Include="AfficheurSprite.cpp" />
    <ClCompile Include="AfficheurTexte.cpp" />
    <ClCompile Include="BasicColider.cpp" />
    <ClCompile Include="Bloc.cpp" />
    <ClCompile Include="BlocEffet1.cpp" />
    <ClCompile Include="Bonus.cpp" />
    <ClCompile Include="Camera.cpp" />
    <ClCompile Include="CameraManager.cpp" />
    <ClCompile Include="CDIManipulateur.cpp" />
    <ClCompile Include="CheckPoint.cpp" />
    <ClCompile Include="Contact.cpp" />
    <ClCompile Include="Cube.cpp" />
    <ClCompile Include="DDSTextureLoader.cpp" />
    <ClCompile Include="dispositif.cpp" />
    <ClCompile Include="dispositifD3D11.cpp" />
    <ClCompile Include="DynamicObject.cpp" />
    <ClCompile Include="Enemy.cpp" />
    <ClCompile Include="EntityManager.cpp" />
    <ClCompile Include="FileObject.cpp" />
    <ClCompile Include="GestionnaireDeTextures.cpp" />
    <ClCompile Include="Horloge.cpp" />
    <ClCompile Include="InfoDispositif.cpp" />
    <ClCompile Include="LOD.cpp" />
    <ClCompile Include="MenuController.cpp" />
    <ClCompile Include="Moteur.cpp" />
    <ClCompile Include="MoteurWindows.cpp" />
    <ClCompile Include="NosBonus.cpp" />
    <ClCompile Include="Objectimporter.cpp" />
    <ClCompile Include="Obstacle.cpp" />
    <ClCompile Include="PanneauPE.cpp" />
    <ClCompile Include="ParticleManager.cpp" />
    <ClCompile Include="PetitMoteur3D.cpp" />
    <ClCompile Include="Physique.cpp" />
    <ClCompile Include="Player.cpp" />
    <ClCompile Include="SceneManager.cpp" />
    <ClCompile Include="Scoreboard.cpp" />
    <ClCompile Include="Skybox.cpp" />
    <ClCompile Include="sommetbloc.cpp" />
    <ClCompile Include="SoundClass.cpp" />
    <ClCompile Include="Sphere.cpp" />
    <ClCompile Include="StaticObject.cpp" />
    <ClCompile Include="stdafx.cpp" />
    <ClCompile Include="ImportedObject.cpp" />
    <ClCompile Include="Terrain.cpp" />
    <ClCompile Include="Texture.cpp" />
  </ItemGroup>
  <ItemGroup>
    <ClInclude Include="AfficheurPanneau.h" />
    <ClInclude Include="AfficheurSprite.h" />
    <ClInclude Include="AfficheurTexte.h" />
    <ClInclude Include="BasicColider.h" />
    <ClInclude Include="Bloc.h" />
    <ClInclude Include="BlocEffet1.h" />
    <ClInclude Include="Bonus.h" />
    <ClInclude Include="Camera.h" />
    <ClInclude Include="CameraManager.h" />
    <ClInclude Include="CDIManipulateur.h" />
    <ClInclude Include="CheckPoint.h" />
    <ClInclude Include="Contact.h" />
    <ClInclude Include="Cube.h" />
    <ClInclude Include="dispositif.h" />
    <ClInclude Include="dispositifD3D11.h" />
    <ClInclude Include="DynamicObject.h" />
    <ClInclude Include="Enemy.h" />
    <ClInclude Include="EntityManager.h" />
    <ClInclude Include="FileObject.h" />
    <ClInclude Include="GestionnaireDeTextures.h" />
    <ClInclude Include="Horloge.h" />
    <ClInclude Include="InfoDispositif.h" />
    <ClInclude Include="LOD.h" />
    <ClInclude Include="MenuController.h" />
    <ClInclude Include="Moteur.h" />
    <ClInclude Include="MoteurWindows.h" />
    <ClInclude Include="NosBonus.h" />
    <ClInclude Include="Objectimporter.h" />
    <ClInclude Include="objet3d.h" />
    <ClInclude Include="Obstacle.h" />
    <ClInclude Include="PanneauPE.h" />
    <ClInclude Include="ParticleManager.h" />
    <ClInclude Include="PetitMoteur3D.h" />
    <ClInclude Include="Physique.h" />
    <ClInclude Include="Player.h" />
    <ClInclude Include="Resource.h" />
    <ClInclude Include="SceneManager.h" />
    <ClInclude Include="Scoreboard.h" />
    <ClInclude Include="Skybox.h" />
    <ClInclude Include="sommetbloc.h" />
    <ClInclude Include="SoundClass.h" />
    <ClInclude Include="Sphere.h" />
    <ClInclude Include="StaticObject.h" />
    <ClInclude Include="stdafx.h" />
    <ClInclude Include="ImportedObject.h" />
    <ClInclude Include="Terrain.h" />
    <ClInclude Include="Texture.h" />
    <ClInclude Include="util.h" />
  </ItemGroup>
  <ItemGroup>
    <ResourceCompile Include="PetitMoteur3D.rc" />
  </ItemGroup>
  <ItemGroup>
    <None Include="PetitMoteur3D.ico" />
    <None Include="SimplePhong.phl" />
    <None Include="SimplePhong.vhl" />
    <None Include="small.ico" />
    <None Include="ReadMe.txt" />
  </ItemGroup>
  <ItemGroup>
    <Image Include="logo.png" />
    <Image Include="icon1.ico" />
    <Image Include="logo.ico" />
  </ItemGroup>
</Project>